# This file is autogenerated, do not edit; changes may be undone by the next 'dep ensure'.


[[projects]]
  branch = "go"
  name = "github.com/endotakuya/ires"
  packages = ["ext/operate","ext/util/uri"]
  revision = "4a36b897ecbc1175b9a84e56ecd6d74ce9f40687"

[[projects]]
  branch = "master"
  name = "github.com/nfnt/resize"
  packages = ["."]
  revision = "891127d8d1b52734debe1b3c3d7e747502b6c366"

[[projects]]
  name = "github.com/oliamb/cutter"
  packages = ["."]
  revision = "5cd9c24de6524b7251ac6b8600b0ba8f43a85963"
  version = "v0.2.0"

[solve-meta]
  analyzer-name = "dep"
  analyzer-version = 1
  inputs-digest = "b602ec0b4f125e8d5750514267d970c12f616ca836aeeb5acb5d4ecb0c698a01"
  solver-name = "gps-cdcl"
  solver-version = 1
