# This file is autogenerated, do not edit; changes may be undone by the next 'dep ensure'.


[[projects]]
  branch = "master"
  name = "github.com/nfnt/resize"
  packages = ["."]
  revision = "891127d8d1b52734debe1b3c3d7e747502b6c366"

[[projects]]
  name = "github.com/oliamb/cutter"
  packages = ["."]
  revision = "5cd9c24de6524b7251ac6b8600b0ba8f43a85963"
  version = "v0.2.0"

[solve-meta]
  analyzer-name = "dep"
  analyzer-version = 1
  inputs-digest = "555c9d2045607d7c797b9ed9663b0c2916aa91b14b6001e4119e9be49a742484"
  solver-name = "gps-cdcl"
  solver-version = 1
